
Microsoft Visual Studio Solution File, Format Version 12.00
# Visual Studio Version 16
VisualStudioVersion = 16.0.32413.511
MinimumVisualStudioVersion = 10.0.40219.1
Project("{FAE04EC0-301F-11D3-BF4B-00C04F79EFBC}") = "StudentServices", "StudentServices\StudentServices.csproj", "{AAB663DE-A007-4490-85C1-9CF86EB28007}"
EndProject
Project("{FAE04EC0-301F-11D3-BF4B-00C04F79EFBC}") = "StudentDataAccess", "StudentDataAccess\StudentDataAccess.csproj", "{1F3B4BB0-92A1-494C-AA27-DE5968CDBC8B}"
EndProject
Global
	GlobalSection(SolutionConfigurationPlatforms) = preSolution
		Debug|Any CPU = Debug|Any CPU
		Release|Any CPU = Release|Any CPU
	EndGlobalSection
	GlobalSection(ProjectConfigurationPlatforms) = postSolution
		{AAB663DE-A007-4490-85C1-9CF86EB28007}.Debug|Any CPU.ActiveCfg = Debug|Any CPU
		{AAB663DE-A007-4490-85C1-9CF86EB28007}.Debug|Any CPU.Build.0 = Debug|Any CPU
		{AAB663DE-A007-4490-85C1-9CF86EB28007}.Release|Any CPU.ActiveCfg = Release|Any CPU
		{AAB663DE-A007-4490-85C1-9CF86EB28007}.Release|Any CPU.Build.0 = Release|Any CPU
		{1F3B4BB0-92A1-494C-AA27-DE5968CDBC8B}.Debug|Any CPU.ActiveCfg = Debug|Any CPU
		{1F3B4BB0-92A1-494C-AA27-DE5968CDBC8B}.Debug|Any CPU.Build.0 = Debug|Any CPU
		{1F3B4BB0-92A1-494C-AA27-DE5968CDBC8B}.Release|Any CPU.ActiveCfg = Release|Any CPU
		{1F3B4BB0-92A1-494C-AA27-DE5968CDBC8B}.Release|Any CPU.Build.0 = Release|Any CPU
	EndGlobalSection
	GlobalSection(SolutionProperties) = preSolution
		HideSolutionNode = FALSE
	EndGlobalSection
	GlobalSection(ExtensibilityGlobals) = postSolution
		SolutionGuid = {860BFBAA-ABE0-4956-85B7-4D3A7895E8DA}
	EndGlobalSection
EndGlobal
